// !$*UTF8*$!
{
	archiveVersion = 1;
	classes = {
	};
	objectVersion = 56;
	objects = {

/* Begin PBXBuildFile section */
		D43CE4BF2BB4697200DDDA08 /* AppDelegate.swift in Sources */ = {isa = PBXBuildFile; fileRef = D43CE4BE2BB4697200DDDA08 /* AppDelegate.swift */; };
		D43CE4C12BB4697200DDDA08 /* SceneDelegate.swift in Sources */ = {isa = PBXBuildFile; fileRef = D43CE4C02BB4697200DDDA08 /* SceneDelegate.swift */; };
		D43CE4C62BB4697200DDDA08 /* Base in Resources */ = {isa = PBXBuildFile; fileRef = D43CE4C52BB4697200DDDA08 /* Base */; };
		D43CE4C82BB4697400DDDA08 /* Assets.xcassets in Resources */ = {isa = PBXBuildFile; fileRef = D43CE4C72BB4697400DDDA08 /* Assets.xcassets */; };
		D43CE4CB2BB4697400DDDA08 /* Base in Resources */ = {isa = PBXBuildFile; fileRef = D43CE4CA2BB4697400DDDA08 /* Base */; };
		D44A7E472BD813BF0018B0C4 /* TodoViewController.swift in Sources */ = {isa = PBXBuildFile; fileRef = D44A7E462BD813BF0018B0C4 /* TodoViewController.swift */; };
		D44A7E492BD813CD0018B0C4 /* TimerViewController.swift in Sources */ = {isa = PBXBuildFile; fileRef = D44A7E482BD813CD0018B0C4 /* TimerViewController.swift */; };
		D44A7E602BD81AE60018B0C4 /* CalendarDay.swift in Sources */ = {isa = PBXBuildFile; fileRef = D44A7E562BD81AE60018B0C4 /* CalendarDay.swift */; };
		D44A7E612BD81AE60018B0C4 /* Event.swift in Sources */ = {isa = PBXBuildFile; fileRef = D44A7E572BD81AE60018B0C4 /* Event.swift */; };
		D44A7E622BD81AE60018B0C4 /* CalendarCell.swift in Sources */ = {isa = PBXBuildFile; fileRef = D44A7E582BD81AE60018B0C4 /* CalendarCell.swift */; };
		D44A7E632BD81AE60018B0C4 /* DailyCell.swift in Sources */ = {isa = PBXBuildFile; fileRef = D44A7E592BD81AE60018B0C4 /* DailyCell.swift */; };
		D44A7E642BD81AE60018B0C4 /* EventCell.swift in Sources */ = {isa = PBXBuildFile; fileRef = D44A7E5A2BD81AE60018B0C4 /* EventCell.swift */; };
		D44A7E652BD81AE60018B0C4 /* CalendarViewController.swift in Sources */ = {isa = PBXBuildFile; fileRef = D44A7E5B2BD81AE60018B0C4 /* CalendarViewController.swift */; };
		D44A7E662BD81AE60018B0C4 /* WeeklyViewController.swift in Sources */ = {isa = PBXBuildFile; fileRef = D44A7E5C2BD81AE60018B0C4 /* WeeklyViewController.swift */; };
		D44A7E672BD81AE60018B0C4 /* CalendarHelper.swift in Sources */ = {isa = PBXBuildFile; fileRef = D44A7E5D2BD81AE60018B0C4 /* CalendarHelper.swift */; };
		D44A7E682BD81AE60018B0C4 /* DailyViewController.swift in Sources */ = {isa = PBXBuildFile; fileRef = D44A7E5E2BD81AE60018B0C4 /* DailyViewController.swift */; };
		D44A7E692BD81AE60018B0C4 /* EventEditViewController.swift in Sources */ = {isa = PBXBuildFile; fileRef = D44A7E5F2BD81AE60018B0C4 /* EventEditViewController.swift */; };
/* End PBXBuildFile section */

/* Begin PBXFileReference section */
		D43CE4BB2BB4697200DDDA08 /* TMA.app */ = {isa = PBXFileReference; explicitFileType = wrapper.application; includeInIndex = 0; path = TMA.app; sourceTree = BUILT_PRODUCTS_DIR; };
		D43CE4BE2BB4697200DDDA08 /* AppDelegate.swift */ = {isa = PBXFileReference; lastKnownFileType = sourcecode.swift; path = AppDelegate.swift; sourceTree = "<group>"; };
		D43CE4C02BB4697200DDDA08 /* SceneDelegate.swift */ = {isa = PBXFileReference; lastKnownFileType = sourcecode.swift; path = SceneDelegate.swift; sourceTree = "<group>"; };
		D43CE4C52BB4697200DDDA08 /* Base */ = {isa = PBXFileReference; lastKnownFileType = file.storyboard; name = Base; path = Base.lproj/Main.storyboard; sourceTree = "<group>"; };
		D43CE4C72BB4697400DDDA08 /* Assets.xcassets */ = {isa = PBXFileReference; lastKnownFileType = folder.assetcatalog; path = Assets.xcassets; sourceTree = "<group>"; };
		D43CE4CA2BB4697400DDDA08 /* Base */ = {isa = PBXFileReference; lastKnownFileType = file.storyboard; name = Base; path = Base.lproj/LaunchScreen.storyboard; sourceTree = "<group>"; };
		D43CE4CC2BB4697400DDDA08 /* Info.plist */ = {isa = PBXFileReference; lastKnownFileType = text.plist.xml; path = Info.plist; sourceTree = "<group>"; };
		D44A7E462BD813BF0018B0C4 /* TodoViewController.swift */ = {isa = PBXFileReference; lastKnownFileType = sourcecode.swift; path = TodoViewController.swift; sourceTree = "<group>"; };
		D44A7E482BD813CD0018B0C4 /* TimerViewController.swift */ = {isa = PBXFileReference; lastKnownFileType = sourcecode.swift; path = TimerViewController.swift; sourceTree = "<group>"; };
		D44A7E562BD81AE60018B0C4 /* CalendarDay.swift */ = {isa = PBXFileReference; fileEncoding = 4; lastKnownFileType = sourcecode.swift; path = CalendarDay.swift; sourceTree = "<group>"; };
		D44A7E572BD81AE60018B0C4 /* Event.swift */ = {isa = PBXFileReference; fileEncoding = 4; lastKnownFileType = sourcecode.swift; path = Event.swift; sourceTree = "<group>"; };
		D44A7E582BD81AE60018B0C4 /* CalendarCell.swift */ = {isa = PBXFileReference; fileEncoding = 4; lastKnownFileType = sourcecode.swift; path = CalendarCell.swift; sourceTree = "<group>"; };
		D44A7E592BD81AE60018B0C4 /* DailyCell.swift */ = {isa = PBXFileReference; fileEncoding = 4; lastKnownFileType = sourcecode.swift; path = DailyCell.swift; sourceTree = "<group>"; };
		D44A7E5A2BD81AE60018B0C4 /* EventCell.swift */ = {isa = PBXFileReference; fileEncoding = 4; lastKnownFileType = sourcecode.swift; path = EventCell.swift; sourceTree = "<group>"; };
		D44A7E5B2BD81AE60018B0C4 /* CalendarViewController.swift */ = {isa = PBXFileReference; fileEncoding = 4; lastKnownFileType = sourcecode.swift; path = CalendarViewController.swift; sourceTree = "<group>"; };
		D44A7E5C2BD81AE60018B0C4 /* WeeklyViewController.swift */ = {isa = PBXFileReference; fileEncoding = 4; lastKnownFileType = sourcecode.swift; path = WeeklyViewController.swift; sourceTree = "<group>"; };
		D44A7E5D2BD81AE60018B0C4 /* CalendarHelper.swift */ = {isa = PBXFileReference; fileEncoding = 4; lastKnownFileType = sourcecode.swift; path = CalendarHelper.swift; sourceTree = "<group>"; };
		D44A7E5E2BD81AE60018B0C4 /* DailyViewController.swift */ = {isa = PBXFileReference; fileEncoding = 4; lastKnownFileType = sourcecode.swift; path = DailyViewController.swift; sourceTree = "<group>"; };
		D44A7E5F2BD81AE60018B0C4 /* EventEditViewController.swift */ = {isa = PBXFileReference; fileEncoding = 4; lastKnownFileType = sourcecode.swift; path = EventEditViewController.swift; sourceTree = "<group>"; };
/* End PBXFileReference section */

/* Begin PBXFrameworksBuildPhase section */
		D43CE4B82BB4697200DDDA08 /* Frameworks */ = {
			isa = PBXFrameworksBuildPhase;
			buildActionMask = 2147483647;
			files = (
			);
			runOnlyForDeploymentPostprocessing = 0;
		};
/* End PBXFrameworksBuildPhase section */

/* Begin PBXGroup section */
		D43CE4B22BB4697200DDDA08 = {
			isa = PBXGroup;
			children = (
				D43CE4BD2BB4697200DDDA08 /* TMA */,
				D43CE4BC2BB4697200DDDA08 /* Products */,
			);
			sourceTree = "<group>";
		};
		D43CE4BC2BB4697200DDDA08 /* Products */ = {
			isa = PBXGroup;
			children = (
				D43CE4BB2BB4697200DDDA08 /* TMA.app */,
			);
			name = Products;
			sourceTree = "<group>";
		};
		D43CE4BD2BB4697200DDDA08 /* TMA */ = {
			isa = PBXGroup;
			children = (
				D44A7E6B2BD9DEE70018B0C4 /* Todo */,
				D44A7E6A2BD81E540018B0C4 /* Timer */,
				D44A7E4F2BD818600018B0C4 /* Calendar */,
				D43CE4BE2BB4697200DDDA08 /* AppDelegate.swift */,
				D43CE4C02BB4697200DDDA08 /* SceneDelegate.swift */,
				D43CE4C42BB4697200DDDA08 /* Main.storyboard */,
				D43CE4C72BB4697400DDDA08 /* Assets.xcassets */,
				D43CE4C92BB4697400DDDA08 /* LaunchScreen.storyboard */,
				D43CE4CC2BB4697400DDDA08 /* Info.plist */,
			);
			path = TMA;
			sourceTree = "<group>";
		};
		D44A7E4F2BD818600018B0C4 /* Calendar */ = {
			isa = PBXGroup;
			children = (
				D44A7E582BD81AE60018B0C4 /* CalendarCell.swift */,
				D44A7E562BD81AE60018B0C4 /* CalendarDay.swift */,
				D44A7E5D2BD81AE60018B0C4 /* CalendarHelper.swift */,
				D44A7E5B2BD81AE60018B0C4 /* CalendarViewController.swift */,
				D44A7E592BD81AE60018B0C4 /* DailyCell.swift */,
				D44A7E5E2BD81AE60018B0C4 /* DailyViewController.swift */,
				D44A7E572BD81AE60018B0C4 /* Event.swift */,
				D44A7E5A2BD81AE60018B0C4 /* EventCell.swift */,
				D44A7E5F2BD81AE60018B0C4 /* EventEditViewController.swift */,
				D44A7E5C2BD81AE60018B0C4 /* WeeklyViewController.swift */,
			);
			path = Calendar;
			sourceTree = "<group>";
		};
		D44A7E6A2BD81E540018B0C4 /* Timer */ = {
			isa = PBXGroup;
			children = (
				D44A7E482BD813CD0018B0C4 /* TimerViewController.swift */,
			);
			path = Timer;
			sourceTree = "<group>";
		};
		D44A7E6B2BD9DEE70018B0C4 /* Todo */ = {
			isa = PBXGroup;
			children = (
				D44A7E462BD813BF0018B0C4 /* TodoViewController.swift */,
			);
			path = Todo;
			sourceTree = "<group>";
		};
/* End PBXGroup section */

/* Begin PBXNativeTarget section */
		D43CE4BA2BB4697200DDDA08 /* TMA */ = {
			isa = PBXNativeTarget;
			buildConfigurationList = D43CE4CF2BB4697400DDDA08 /* Build configuration list for PBXNativeTarget "TMA" */;
			buildPhases = (
				D43CE4B72BB4697200DDDA08 /* Sources */,
				D43CE4B82BB4697200DDDA08 /* Frameworks */,
				D43CE4B92BB4697200DDDA08 /* Resources */,
			);
			buildRules = (
			);
			dependencies = (
			);
			name = TMA;
			productName = TMA;
			productReference = D43CE4BB2BB4697200DDDA08 /* TMA.app */;
			productType = "com.apple.product-type.application";
		};
/* End PBXNativeTarget section */

/* Begin PBXProject section */
		D43CE4B32BB4697200DDDA08 /* Project object */ = {
			isa = PBXProject;
			attributes = {
				BuildIndependentTargetsInParallel = 1;
				LastSwiftUpdateCheck = 1530;
				LastUpgradeCheck = 1530;
				TargetAttributes = {
					D43CE4BA2BB4697200DDDA08 = {
						CreatedOnToolsVersion = 15.3;
					};
				};
			};
			buildConfigurationList = D43CE4B62BB4697200DDDA08 /* Build configuration list for PBXProject "TMA" */;
			compatibilityVersion = "Xcode 14.0";
			developmentRegion = en;
			hasScannedForEncodings = 0;
			knownRegions = (
				en,
				Base,
			);
			mainGroup = D43CE4B22BB4697200DDDA08;
			productRefGroup = D43CE4BC2BB4697200DDDA08 /* Products */;
			projectDirPath = "";
			projectRoot = "";
			targets = (
				D43CE4BA2BB4697200DDDA08 /* TMA */,
			);
		};
/* End PBXProject section */

/* Begin PBXResourcesBuildPhase section */
		D43CE4B92BB4697200DDDA08 /* Resources */ = {
			isa = PBXResourcesBuildPhase;
			buildActionMask = 2147483647;
			files = (
				D43CE4C82BB4697400DDDA08 /* Assets.xcassets in Resources */,
				D43CE4CB2BB4697400DDDA08 /* Base in Resources */,
				D43CE4C62BB4697200DDDA08 /* Base in Resources */,
			);
			runOnlyForDeploymentPostprocessing = 0;
		};
/* End PBXResourcesBuildPhase section */

/* Begin PBXSourcesBuildPhase section */
		D43CE4B72BB4697200DDDA08 /* Sources */ = {
			isa = PBXSourcesBuildPhase;
			buildActionMask = 2147483647;
			files = (
				D44A7E682BD81AE60018B0C4 /* DailyViewController.swift in Sources */,
				D44A7E692BD81AE60018B0C4 /* EventEditViewController.swift in Sources */,
				D44A7E492BD813CD0018B0C4 /* TimerViewController.swift in Sources */,
				D44A7E472BD813BF0018B0C4 /* TodoViewController.swift in Sources */,
				D44A7E642BD81AE60018B0C4 /* EventCell.swift in Sources */,
				D44A7E602BD81AE60018B0C4 /* CalendarDay.swift in Sources */,
				D44A7E652BD81AE60018B0C4 /* CalendarViewController.swift in Sources */,
				D43CE4BF2BB4697200DDDA08 /* AppDelegate.swift in Sources */,
				D44A7E672BD81AE60018B0C4 /* CalendarHelper.swift in Sources */,
				D44A7E612BD81AE60018B0C4 /* Event.swift in Sources */,
				D43CE4C12BB4697200DDDA08 /* SceneDelegate.swift in Sources */,
				D44A7E662BD81AE60018B0C4 /* WeeklyViewController.swift in Sources */,
				D44A7E632BD81AE60018B0C4 /* DailyCell.swift in Sources */,
				D44A7E622BD81AE60018B0C4 /* CalendarCell.swift in Sources */,
			);
			runOnlyForDeploymentPostprocessing = 0;
		};
/* End PBXSourcesBuildPhase section */

/* Begin PBXVariantGroup section */
		D43CE4C42BB4697200DDDA08 /* Main.storyboard */ = {
			isa = PBXVariantGroup;
			children = (
				D43CE4C52BB4697200DDDA08 /* Base */,
			);
			name = Main.storyboard;
			sourceTree = "<group>";
		};
		D43CE4C92BB4697400DDDA08 /* LaunchScreen.storyboard */ = {
			isa = PBXVariantGroup;
			children = (
				D43CE4CA2BB4697400DDDA08 /* Base */,
			);
			name = LaunchScreen.storyboard;
			sourceTree = "<group>";
		};
/* End PBXVariantGroup section */

/* Begin XCBuildConfiguration section */
		D43CE4CD2BB4697400DDDA08 /* Debug */ = {
			isa = XCBuildConfiguration;
			buildSettings = {
				ALWAYS_SEARCH_USER_PATHS = NO;
				ASSETCATALOG_COMPILER_GENERATE_SWIFT_ASSET_SYMBOL_EXTENSIONS = YES;
				CLANG_ANALYZER_NONNULL = YES;
				CLANG_ANALYZER_NUMBER_OBJECT_CONVERSION = YES_AGGRESSIVE;
				CLANG_CXX_LANGUAGE_STANDARD = "gnu++20";
				CLANG_ENABLE_MODULES = YES;
				CLANG_ENABLE_OBJC_ARC = YES;
				CLANG_ENABLE_OBJC_WEAK = YES;
				CLANG_WARN_BLOCK_CAPTURE_AUTORELEASING = YES;
				CLANG_WARN_BOOL_CONVERSION = YES;
				CLANG_WARN_COMMA = YES;
				CLANG_WARN_CONSTANT_CONVERSION = YES;
				CLANG_WARN_DEPRECATED_OBJC_IMPLEMENTATIONS = YES;
				CLANG_WARN_DIRECT_OBJC_ISA_USAGE = YES_ERROR;
				CLANG_WARN_DOCUMENTATION_COMMENTS = YES;
				CLANG_WARN_EMPTY_BODY = YES;
				CLANG_WARN_ENUM_CONVERSION = YES;
				CLANG_WARN_INFINITE_RECURSION = YES;
				CLANG_WARN_INT_CONVERSION = YES;
				CLANG_WARN_NON_LITERAL_NULL_CONVERSION = YES;
				CLANG_WARN_OBJC_IMPLICIT_RETAIN_SELF = YES;
				CLANG_WARN_OBJC_LITERAL_CONVERSION = YES;
				CLANG_WARN_OBJC_ROOT_CLASS = YES_ERROR;
				CLANG_WARN_QUOTED_INCLUDE_IN_FRAMEWORK_HEADER = YES;
				CLANG_WARN_RANGE_LOOP_ANALYSIS = YES;
				CLANG_WARN_STRICT_PROTOTYPES = YES;
				CLANG_WARN_SUSPICIOUS_MOVE = YES;
				CLANG_WARN_UNGUARDED_AVAILABILITY = YES_AGGRESSIVE;
				CLANG_WARN_UNREACHABLE_CODE = YES;
				CLANG_WARN__DUPLICATE_METHOD_MATCH = YES;
				COPY_PHASE_STRIP = NO;
				DEBUG_INFORMATION_FORMAT = dwarf;
				ENABLE_STRICT_OBJC_MSGSEND = YES;
				ENABLE_TESTABILITY = YES;
				ENABLE_USER_SCRIPT_SANDBOXING = YES;
				GCC_C_LANGUAGE_STANDARD = gnu17;
				GCC_DYNAMIC_NO_PIC = NO;
				GCC_NO_COMMON_BLOCKS = YES;
				GCC_OPTIMIZATION_LEVEL = 0;
				GCC_PREPROCESSOR_DEFINITIONS = (
					"DEBUG=1",
					"$(inherited)",
				);
				GCC_WARN_64_TO_32_BIT_CONVERSION = YES;
				GCC_WARN_ABOUT_RETURN_TYPE = YES_ERROR;
				GCC_WARN_UNDECLARED_SELECTOR = YES;
				GCC_WARN_UNINITIALIZED_AUTOS = YES_AGGRESSIVE;
				GCC_WARN_UNUSED_FUNCTION = YES;
				GCC_WARN_UNUSED_VARIABLE = YES;
				IPHONEOS_DEPLOYMENT_TARGET = 17.4;
				LOCALIZATION_PREFERS_STRING_CATALOGS = YES;
				MTL_ENABLE_DEBUG_INFO = INCLUDE_SOURCE;
				MTL_FAST_MATH = YES;
				ONLY_ACTIVE_ARCH = YES;
				SDKROOT = iphoneos;
				SWIFT_ACTIVE_COMPILATION_CONDITIONS = "DEBUG $(inherited)";
				SWIFT_OPTIMIZATION_LEVEL = "-Onone";
			};
			name = Debug;
		};
		D43CE4CE2BB4697400DDDA08 /* Release */ = {
			isa = XCBuildConfiguration;
			buildSettings = {
				ALWAYS_SEARCH_USER_PATHS = NO;
				ASSETCATALOG_COMPILER_GENERATE_SWIFT_ASSET_SYMBOL_EXTENSIONS = YES;
				CLANG_ANALYZER_NONNULL = YES;
				CLANG_ANALYZER_NUMBER_OBJECT_CONVERSION = YES_AGGRESSIVE;
				CLANG_CXX_LANGUAGE_STANDARD = "gnu++20";
				CLANG_ENABLE_MODULES = YES;
				CLANG_ENABLE_OBJC_ARC = YES;
				CLANG_ENABLE_OBJC_WEAK = YES;
				CLANG_WARN_BLOCK_CAPTURE_AUTORELEASING = YES;
				CLANG_WARN_BOOL_CONVERSION = YES;
				CLANG_WARN_COMMA = YES;
				CLANG_WARN_CONSTANT_CONVERSION = YES;
				CLANG_WARN_DEPRECATED_OBJC_IMPLEMENTATIONS = YES;
				CLANG_WARN_DIRECT_OBJC_ISA_USAGE = YES_ERROR;
				CLANG_WARN_DOCUMENTATION_COMMENTS = YES;
				CLANG_WARN_EMPTY_BODY = YES;
				CLANG_WARN_ENUM_CONVERSION = YES;
				CLANG_WARN_INFINITE_RECURSION = YES;
				CLANG_WARN_INT_CONVERSION = YES;
				CLANG_WARN_NON_LITERAL_NULL_CONVERSION = YES;
				CLANG_WARN_OBJC_IMPLICIT_RETAIN_SELF = YES;
				CLANG_WARN_OBJC_LITERAL_CONVERSION = YES;
				CLANG_WARN_OBJC_ROOT_CLASS = YES_ERROR;
				CLANG_WARN_QUOTED_INCLUDE_IN_FRAMEWORK_HEADER = YES;
				CLANG_WARN_RANGE_LOOP_ANALYSIS = YES;
				CLANG_WARN_STRICT_PROTOTYPES = YES;
				CLANG_WARN_SUSPICIOUS_MOVE = YES;
				CLANG_WARN_UNGUARDED_AVAILABILITY = YES_AGGRESSIVE;
				CLANG_WARN_UNREACHABLE_CODE = YES;
				CLANG_WARN__DUPLICATE_METHOD_MATCH = YES;
				COPY_PHASE_STRIP = NO;
				DEBUG_INFORMATION_FORMAT = "dwarf-with-dsym";
				ENABLE_NS_ASSERTIONS = NO;
				ENABLE_STRICT_OBJC_MSGSEND = YES;
				ENABLE_USER_SCRIPT_SANDBOXING = YES;
				GCC_C_LANGUAGE_STANDARD = gnu17;
				GCC_NO_COMMON_BLOCKS = YES;
				GCC_WARN_64_TO_32_BIT_CONVERSION = YES;
				GCC_WARN_ABOUT_RETURN_TYPE = YES_ERROR;
				GCC_WARN_UNDECLARED_SELECTOR = YES;
				GCC_WARN_UNINITIALIZED_AUTOS = YES_AGGRESSIVE;
				GCC_WARN_UNUSED_FUNCTION = YES;
				GCC_WARN_UNUSED_VARIABLE = YES;
				IPHONEOS_DEPLOYMENT_TARGET = 17.4;
				LOCALIZATION_PREFERS_STRING_CATALOGS = YES;
				MTL_ENABLE_DEBUG_INFO = NO;
				MTL_FAST_MATH = YES;
				SDKROOT = iphoneos;
				SWIFT_COMPILATION_MODE = wholemodule;
				VALIDATE_PRODUCT = YES;
			};
			name = Release;
		};
		D43CE4D02BB4697400DDDA08 /* Debug */ = {
			isa = XCBuildConfiguration;
			buildSettings = {
				ASSETCATALOG_COMPILER_APPICON_NAME = AppIcon;
				ASSETCATALOG_COMPILER_GLOBAL_ACCENT_COLOR_NAME = AccentColor;
				CODE_SIGN_STYLE = Automatic;
				CURRENT_PROJECT_VERSION = 1;
				GENERATE_INFOPLIST_FILE = YES;
				INFOPLIST_FILE = TMA/Info.plist;
				INFOPLIST_KEY_UIApplicationSupportsIndirectInputEvents = YES;
				INFOPLIST_KEY_UILaunchStoryboardName = LaunchScreen;
				INFOPLIST_KEY_UIMainStoryboardFile = Main;
				INFOPLIST_KEY_UISupportedInterfaceOrientations_iPad = "UIInterfaceOrientationPortrait UIInterfaceOrientationPortraitUpsideDown UIInterfaceOrientationLandscapeLeft UIInterfaceOrientationLandscapeRight";
				INFOPLIST_KEY_UISupportedInterfaceOrientations_iPhone = "UIInterfaceOrientationPortrait UIInterfaceOrientationLandscapeLeft UIInterfaceOrientationLandscapeRight";
				LD_RUNPATH_SEARCH_PATHS = (
					"$(inherited)",
					"@executable_path/Frameworks",
				);
				MARKETING_VERSION = 1.0;
				PRODUCT_BUNDLE_IDENTIFIER = Rice.TMA;
				PRODUCT_NAME = "$(TARGET_NAME)";
				SWIFT_EMIT_LOC_STRINGS = YES;
				SWIFT_VERSION = 5.0;
				TARGETED_DEVICE_FAMILY = "1,2";
			};
			name = Debug;
		};
		D43CE4D12BB4697400DDDA08 /* Release */ = {
			isa = XCBuildConfiguration;
			buildSettings = {
				ASSETCATALOG_COMPILER_APPICON_NAME = AppIcon;
				ASSETCATALOG_COMPILER_GLOBAL_ACCENT_COLOR_NAME = AccentColor;
				CODE_SIGN_STYLE = Automatic;
				CURRENT_PROJECT_VERSION = 1;
				GENERATE_INFOPLIST_FILE = YES;
				INFOPLIST_FILE = TMA/Info.plist;
				INFOPLIST_KEY_UIApplicationSupportsIndirectInputEvents = YES;
				INFOPLIST_KEY_UILaunchStoryboardName = LaunchScreen;
				INFOPLIST_KEY_UIMainStoryboardFile = Main;
				INFOPLIST_KEY_UISupportedInterfaceOrientations_iPad = "UIInterfaceOrientationPortrait UIInterfaceOrientationPortraitUpsideDown UIInterfaceOrientationLandscapeLeft UIInterfaceOrientationLandscapeRight";
				INFOPLIST_KEY_UISupportedInterfaceOrientations_iPhone = "UIInterfaceOrientationPortrait UIInterfaceOrientationLandscapeLeft UIInterfaceOrientationLandscapeRight";
				LD_RUNPATH_SEARCH_PATHS = (
					"$(inherited)",
					"@executable_path/Frameworks",
				);
				MARKETING_VERSION = 1.0;
				PRODUCT_BUNDLE_IDENTIFIER = Rice.TMA;
				PRODUCT_NAME = "$(TARGET_NAME)";
				SWIFT_EMIT_LOC_STRINGS = YES;
				SWIFT_VERSION = 5.0;
				TARGETED_DEVICE_FAMILY = "1,2";
			};
			name = Release;
		};
/* End XCBuildConfiguration section */

/* Begin XCConfigurationList section */
		D43CE4B62BB4697200DDDA08 /* Build configuration list for PBXProject "TMA" */ = {
			isa = XCConfigurationList;
			buildConfigurations = (
				D43CE4CD2BB4697400DDDA08 /* Debug */,
				D43CE4CE2BB4697400DDDA08 /* Release */,
			);
			defaultConfigurationIsVisible = 0;
			defaultConfigurationName = Release;
		};
		D43CE4CF2BB4697400DDDA08 /* Build configuration list for PBXNativeTarget "TMA" */ = {
			isa = XCConfigurationList;
			buildConfigurations = (
				D43CE4D02BB4697400DDDA08 /* Debug */,
				D43CE4D12BB4697400DDDA08 /* Release */,
			);
			defaultConfigurationIsVisible = 0;
			defaultConfigurationName = Release;
		};
/* End XCConfigurationList section */
	};
	rootObject = D43CE4B32BB4697200DDDA08 /* Project object */;
}
